{
  "name": "dir-auto",
  "version": "1.0.0",
  "lockfileVersion": 3,
  "requires": true,
  "packages": {
    "": {
      "name": "dir-auto",
      "version": "1.0.0",
      "license": "ISC",
      "devDependencies": {
        "chrome-types": "^0.1.176"
      }
    },
    "node_modules/chrome-types": {
      "version": "0.1.176",
      "resolved": "https://registry.npmjs.org/chrome-types/-/chrome-types-0.1.176.tgz",
      "integrity": "sha512-nVFPjhaPqJTdwZGO26k6zV/lnB0PUbE9ycUsLkhnQJaPEVZGZxDUOouosm9WrsV8ZrqQzplYMAn/2lcH9Fs1iQ==",
      "dev": true
    }
  }
}
